{
  "version": 4,
  "terraform_version": "1.9.4",
  "serial": 1,
  "lineage": "1c02fe92-e026-3655-347f-d489f9a77c54",
  "outputs": {},
  "resources": [
    {
      "mode": "managed",
      "type": "azurerm_resource_group",
      "name": "rg-dev-euw-01",
      "provider": "provider[\"registry.terraform.io/hashicorp/azurerm\"]",
      "instances": [
        {
          "schema_version": 0,
          "attributes": {
            "id": "/subscriptions/b2a6bcc5-aeea-4fa6-97f1-ada7be5ee48b/resourceGroups/rg-proto-dev-westeurope-01",
            "location": "westeurope",
            "managed_by": "",
            "name": "rg-proto-dev-westeurope-01",
            "tags": null,
            "timeouts": null
          },
          "sensitive_attributes": [],
          "private": "eyJlMmJmYjczMC1lY2FhLTExZTYtOGY4OC0zNDM2M2JjN2M0YzAiOnsiY3JlYXRlIjo1NDAwMDAwMDAwMDAwLCJkZWxldGUiOjU0MDAwMDAwMDAwMDAsInJlYWQiOjMwMDAwMDAwMDAwMCwidXBkYXRlIjo1NDAwMDAwMDAwMDAwfX0="
        }
      ]
    }
  ],
  "check_results": null
}
